
Microsoft Visual Studio Solution File, Format Version 12.00
# Visual Studio Version 17
VisualStudioVersion = 17.11.35222.181
MinimumVisualStudioVersion = 10.0.40219.1
Project("{FAE04EC0-301F-11D3-BF4B-00C04F79EFBC}") = "Life Simulation", "Life Simulation\Life Simulation.csproj", "{56D5C0CB-565F-4876-BE29-1D740EEC7457}"
EndProject
Global
	GlobalSection(SolutionConfigurationPlatforms) = preSolution
		Debug|Any CPU = Debug|Any CPU
		Release|Any CPU = Release|Any CPU
	EndGlobalSection
	GlobalSection(ProjectConfigurationPlatforms) = postSolution
		{56D5C0CB-565F-4876-BE29-1D740EEC7457}.Debug|Any CPU.ActiveCfg = Debug|Any CPU
		{56D5C0CB-565F-4876-BE29-1D740EEC7457}.Debug|Any CPU.Build.0 = Debug|Any CPU
		{56D5C0CB-565F-4876-BE29-1D740EEC7457}.Release|Any CPU.ActiveCfg = Release|Any CPU
		{56D5C0CB-565F-4876-BE29-1D740EEC7457}.Release|Any CPU.Build.0 = Release|Any CPU
	EndGlobalSection
	GlobalSection(SolutionProperties) = preSolution
		HideSolutionNode = FALSE
	EndGlobalSection
	GlobalSection(ExtensibilityGlobals) = postSolution
		SolutionGuid = {5DA12DB5-0A80-422E-B6E9-7B713201C0D3}
	EndGlobalSection
EndGlobal
